
Microsoft Visual Studio Solution File, Format Version 12.00
# Visual Studio Version 16
VisualStudioVersion = 16.0.30907.101
MinimumVisualStudioVersion = 10.0.40219.1
Project("{FAE04EC0-301F-11D3-BF4B-00C04F79EFBC}") = "Organizations", "Organizations\Organizations.csproj", "{BDB35549-4608-4E39-8B54-60E10B357E62}"
EndProject
Project("{FAE04EC0-301F-11D3-BF4B-00C04F79EFBC}") = "OrganizationsLibrary", "OrganizationsLibrary\OrganizationsLibrary.csproj", "{80BCBD53-52EB-417E-BF4F-6B68EBB5983F}"
EndProject
Global
	GlobalSection(SolutionConfigurationPlatforms) = preSolution
		Debug|Any CPU = Debug|Any CPU
		Release|Any CPU = Release|Any CPU
	EndGlobalSection
	GlobalSection(ProjectConfigurationPlatforms) = postSolution
		{BDB35549-4608-4E39-8B54-60E10B357E62}.Debug|Any CPU.ActiveCfg = Debug|Any CPU
		{BDB35549-4608-4E39-8B54-60E10B357E62}.Debug|Any CPU.Build.0 = Debug|Any CPU
		{BDB35549-4608-4E39-8B54-60E10B357E62}.Release|Any CPU.ActiveCfg = Release|Any CPU
		{BDB35549-4608-4E39-8B54-60E10B357E62}.Release|Any CPU.Build.0 = Release|Any CPU
		{80BCBD53-52EB-417E-BF4F-6B68EBB5983F}.Debug|Any CPU.ActiveCfg = Debug|Any CPU
		{80BCBD53-52EB-417E-BF4F-6B68EBB5983F}.Debug|Any CPU.Build.0 = Debug|Any CPU
		{80BCBD53-52EB-417E-BF4F-6B68EBB5983F}.Release|Any CPU.ActiveCfg = Release|Any CPU
		{80BCBD53-52EB-417E-BF4F-6B68EBB5983F}.Release|Any CPU.Build.0 = Release|Any CPU
	EndGlobalSection
	GlobalSection(SolutionProperties) = preSolution
		HideSolutionNode = FALSE
	EndGlobalSection
	GlobalSection(ExtensibilityGlobals) = postSolution
		SolutionGuid = {23137053-273F-4D0A-A6DA-AB34C0204FF0}
	EndGlobalSection
EndGlobal
